PODS:
  - Defaults (4.0.0)
  - PockKit (0.2.0):
    - PockKit/3rd (= 0.2.0)
    - PockKit/Protocols (= 0.2.0)
    - PockKit/Sources (= 0.2.0)
    - SnapKit
  - PockKit/3rd (0.2.0):
    - SnapKit
  - PockKit/Protocols (0.2.0):
    - SnapKit
  - PockKit/Sources (0.2.0):
    - PockKit/3rd
    - SnapKit
  - SnapKit (5.0.1)

DEPENDENCIES:
  - Defaults
  - PockKit (from `../../../Pod/PockKit`)

SPEC REPOS:
  trunk:
    - Defaults
    - SnapKit

EXTERNAL SOURCES:
  PockKit:
    :path: "../../../Pod/PockKit"

SPEC CHECKSUMS:
  Defaults: bd35cdccb03e81e8ec158dea6518b94c321de403
  PockKit: eba76664f41fa97a314d12d0e7c427eb93cb2dcf
  SnapKit: 97b92857e3df3a0c71833cce143274bf6ef8e5eb

PODFILE CHECKSUM: 42fd5919e8bab73482064300acbb900a9b4c82b1

COCOAPODS: 1.8.4
